
Microsoft Visual Studio Solution File, Format Version 12.00
# Visual Studio Version 16
VisualStudioVersion = 16.0.31624.102
MinimumVisualStudioVersion = 10.0.40219.1
Project("{FAE04EC0-301F-11D3-BF4B-00C04F79EFBC}") = "JeuVideoOOP", "JeuVideoOOP\JeuVideoOOP.csproj", "{254FB131-BB9D-4A42-BD6C-863F7907C50D}"
EndProject
Global
	GlobalSection(SolutionConfigurationPlatforms) = preSolution
		Debug|Any CPU = Debug|Any CPU
		Release|Any CPU = Release|Any CPU
	EndGlobalSection
	GlobalSection(ProjectConfigurationPlatforms) = postSolution
		{254FB131-BB9D-4A42-BD6C-863F7907C50D}.Debug|Any CPU.ActiveCfg = Debug|Any CPU
		{254FB131-BB9D-4A42-BD6C-863F7907C50D}.Debug|Any CPU.Build.0 = Debug|Any CPU
		{254FB131-BB9D-4A42-BD6C-863F7907C50D}.Release|Any CPU.ActiveCfg = Release|Any CPU
		{254FB131-BB9D-4A42-BD6C-863F7907C50D}.Release|Any CPU.Build.0 = Release|Any CPU
	EndGlobalSection
	GlobalSection(SolutionProperties) = preSolution
		HideSolutionNode = FALSE
	EndGlobalSection
	GlobalSection(ExtensibilityGlobals) = postSolution
		SolutionGuid = {E0FCE493-7253-4983-9A80-7A0A75F44AF7}
	EndGlobalSection
EndGlobal
